{
  "name": "webpack-from-scratch-2",
  "version": "1.0.0",
  "lockfileVersion": 1,
  "requires": true,
  "dependencies": {
    "vue": {
      "version": "2.6.12",
      "resolved": "http://npm.1800c.xyz/vue/-/vue-2.6.12.tgz",
      "integrity": "sha512-uhmLFETqPPNyuLLbsKz6ioJ4q7AZHzD8ZVFNATNyICSZouqP2Sz0rotWQC8UNBF6VGSCs5abnKJoStA6JbCbfg=="
    },
    "vue-router": {
      "version": "3.4.3",
      "resolved": "http://npm.1800c.xyz/vue-router/-/vue-router-3.4.3.tgz",
      "integrity": "sha512-BADg1mjGWX18Dpmy6bOGzGNnk7B/ZA0RxuA6qedY/YJwirMfKXIDzcccmHbQI0A6k5PzMdMloc0ElHfyOoX35A=="
    },
    "vuex": {
      "version": "3.5.1",
      "resolved": "http://npm.1800c.xyz/vuex/-/vuex-3.5.1.tgz",
      "integrity": "sha512-w7oJzmHQs0FM9LXodfskhw9wgKBiaB+totOdb8sNzbTB2KDCEEwEs29NzBZFh/lmEK1t5tDmM1vtsO7ubG1DFw=="
    }
  }
}
